<?xml version="1.0" encoding="utf-8"?>
<Project ToolsVersion="4.0" xmlns="http://schemas.microsoft.com/developer/msbuild/2003">
  <ItemGroup>
    <Filter Include="Source Files">
      <UniqueIdentifier>{4FC737F1-C7A5-4376-A066-2A32D752A2FF}</UniqueIdentifier>
      <Extensions>cpp;c;cc;cxx;def;odl;idl;hpj;bat;asm;asmx</Extensions>
    </Filter>
    <Filter Include="Header Files">
      <UniqueIdentifier>{93995380-89BD-4b04-88EB-625FBE52EBFB}</UniqueIdentifier>
      <Extensions>h;hh;hpp;hxx;hm;inl;inc;xsd</Extensions>
    </Filter>
    <Filter Include="Resource Files">
      <UniqueIdentifier>{67DA6AB6-F800-4c08-8B7A-83BB121AAD01}</UniqueIdentifier>
      <Extensions>rc;ico;cur;bmp;dlg;rc2;rct;bin;rgs;gif;jpg;jpeg;jpe;resx;tiff;tif;png;wav;mfcribbon-ms</Extensions>
    </Filter>
    <Filter Include="Resource Files\ini">
      <UniqueIdentifier>{3f02b10e-9387-4cf4-960c-1e3625d95343}</UniqueIdentifier>
    </Filter>
    <Filter Include="Resource Files\glade">
      <UniqueIdentifier>{2eacca0f-cdf4-4b69-80fc-7c4944145702}</UniqueIdentifier>
    </Filter>
    <Filter Include="Resource Files\parser">
      <UniqueIdentifier>{646fdbe8-41fd-43f0-8f8e-c8fdd0b11124}</UniqueIdentifier>
    </Filter>
    <Filter Include="Resource Files\installer">
      <UniqueIdentifier>{e2f5152b-d670-4091-a47c-9be04a2f62b1}</UniqueIdentifier>
    </Filter>
  </ItemGroup>
  <ItemGroup>
    <ClCompile Include="..\..\test_i\IRC_client_gui.cpp">
      <Filter>Source Files</Filter>
    </ClCompile>
    <ClCompile Include="..\..\test_i\IRC_client_gui_callbacks.cpp">
      <Filter>Source Files</Filter>
    </ClCompile>
    <ClCompile Include="..\..\test_i\IRC_client_gui_connection.cpp">
      <Filter>Source Files</Filter>
    </ClCompile>
    <ClCompile Include="..\..\test_i\IRC_client_gui_messagehandler.cpp">
      <Filter>Source Files</Filter>
    </ClCompile>
    <ClCompile Include="..\..\test_i\IRC_client_IRCbisect.cpp">
      <Filter>Source Files</Filter>
    </ClCompile>
    <ClCompile Include="..\..\test_i\IRC_client_IRCmessage.cpp">
      <Filter>Source Files</Filter>
    </ClCompile>
    <ClCompile Include="..\..\test_i\IRC_client_IRCparser.cpp">
      <Filter>Source Files</Filter>
    </ClCompile>
    <ClCompile Include="..\..\test_i\IRC_client_IRCparser_driver.cpp">
      <Filter>Source Files</Filter>
    </ClCompile>
    <ClCompile Include="..\..\test_i\IRC_client_IRCscanner.cpp">
      <Filter>Source Files</Filter>
    </ClCompile>
    <ClCompile Include="..\..\test_i\IRC_client_message.cpp">
      <Filter>Source Files</Filter>
    </ClCompile>
    <ClCompile Include="..\..\test_i\IRC_client_messageallocator.cpp">
      <Filter>Source Files</Filter>
    </ClCompile>
    <ClCompile Include="..\..\test_i\IRC_client_module_IRChandler.cpp">
      <Filter>Source Files</Filter>
    </ClCompile>
    <ClCompile Include="..\..\test_i\IRC_client_module_IRCparser.cpp">
      <Filter>Source Files</Filter>
    </ClCompile>
    <ClCompile Include="..\..\test_i\IRC_client_module_IRCsplitter.cpp">
      <Filter>Source Files</Filter>
    </ClCompile>
    <ClCompile Include="..\..\test_i\IRC_client_module_IRCstreamer.cpp">
      <Filter>Source Files</Filter>
    </ClCompile>
    <ClCompile Include="..\..\test_i\IRC_client_sessionmessage.cpp">
      <Filter>Source Files</Filter>
    </ClCompile>
    <ClCompile Include="..\..\test_i\IRC_client_signalhandler.cpp">
      <Filter>Source Files</Filter>
    </ClCompile>
    <ClCompile Include="..\..\test_i\IRC_client_stream.cpp">
      <Filter>Source Files</Filter>
    </ClCompile>
    <ClCompile Include="..\..\test_i\IRC_client_tools.cpp">
      <Filter>Source Files</Filter>
    </ClCompile>
    <ClCompile Include="..\..\test_i\stdafx.cpp">
      <Filter>Source Files</Filter>
    </ClCompile>
    <ClCompile Include="..\..\test_i\IRC_client_statemachine_registration.cpp">
      <Filter>Source Files</Filter>
    </ClCompile>
    <ClCompile Include="..\..\test_i\IRC_client_gui_tools.cpp">
      <Filter>Source Files</Filter>
    </ClCompile>
  </ItemGroup>
  <ItemGroup>
    <None Include="..\..\test_i\IRC_client_IRCsession.inl">
      <Filter>Header Files</Filter>
    </None>
    <None Include="..\..\test_i\etc\IRC_client.ini">
      <Filter>Resource Files\ini</Filter>
    </None>
    <None Include="..\..\test_i\etc\IRC_client_phonebook.ini">
      <Filter>Resource Files\ini</Filter>
    </None>
    <None Include="..\..\test_i\etc\IRC_client_channel.glade">
      <Filter>Resource Files\glade</Filter>
    </None>
    <None Include="..\..\test_i\etc\IRC_client_connection.glade">
      <Filter>Resource Files\glade</Filter>
    </None>
    <None Include="..\..\test_i\etc\IRC_client_main.glade">
      <Filter>Resource Files\glade</Filter>
    </None>
    <None Include="..\..\test_i\scripts\IRCbisect.l">
      <Filter>Resource Files\parser</Filter>
    </None>
    <None Include="..\..\test_i\scripts\IRCparser.y">
      <Filter>Resource Files\parser</Filter>
    </None>
    <None Include="..\..\test_i\scripts\IRCscanner.l">
      <Filter>Resource Files\parser</Filter>
    </None>
    <None Include="..\..\test_i\scripts\parser.bat">
      <Filter>Resource Files\parser</Filter>
    </None>
    <None Include="..\..\test_i\scripts\scanner.bat">
      <Filter>Resource Files\parser</Filter>
    </None>
    <None Include="..\..\test_i\scripts\make_installer.bat">
      <Filter>Resource Files\installer</Filter>
    </None>
    <None Include="..\..\test_i\scripts\IRCclient.nsi">
      <Filter>Resource Files\installer</Filter>
    </None>
  </ItemGroup>
  <ItemGroup>
    <ClInclude Include="..\..\test_i\IRC_client_common.h">
      <Filter>Header Files</Filter>
    </ClInclude>
    <ClInclude Include="..\..\test_i\IRC_client_common_modules.h">
      <Filter>Header Files</Filter>
    </ClInclude>
    <ClInclude Include="..\..\test_i\IRC_client_configuration.h">
      <Filter>Header Files</Filter>
    </ClInclude>
    <ClInclude Include="..\..\test_i\IRC_client_defines.h">
      <Filter>Header Files</Filter>
    </ClInclude>
    <ClInclude Include="..\..\test_i\IRC_client_gui_callbacks.h">
      <Filter>Header Files</Filter>
    </ClInclude>
    <ClInclude Include="..\..\test_i\IRC_client_gui_common.h">
      <Filter>Header Files</Filter>
    </ClInclude>
    <ClInclude Include="..\..\test_i\IRC_client_gui_connection.h">
      <Filter>Header Files</Filter>
    </ClInclude>
    <ClInclude Include="..\..\test_i\IRC_client_gui_defines.h">
      <Filter>Header Files</Filter>
    </ClInclude>
    <ClInclude Include="..\..\test_i\IRC_client_gui_messagehandler.h">
      <Filter>Header Files</Filter>
    </ClInclude>
    <ClInclude Include="..\..\test_i\IRC_client_iIRCControl.h">
      <Filter>Header Files</Filter>
    </ClInclude>
    <ClInclude Include="..\..\test_i\IRC_client_IRC_codes.h">
      <Filter>Header Files</Filter>
    </ClInclude>
    <ClInclude Include="..\..\test_i\IRC_client_IRCbisect.h">
      <Filter>Header Files</Filter>
    </ClInclude>
    <ClInclude Include="..\..\test_i\IRC_client_IRCmessage.h">
      <Filter>Header Files</Filter>
    </ClInclude>
    <ClInclude Include="..\..\test_i\IRC_client_IRCparser.h">
      <Filter>Header Files</Filter>
    </ClInclude>
    <ClInclude Include="..\..\test_i\IRC_client_IRCparser_driver.h">
      <Filter>Header Files</Filter>
    </ClInclude>
    <ClInclude Include="..\..\test_i\IRC_client_IRCscanner.h">
      <Filter>Header Files</Filter>
    </ClInclude>
    <ClInclude Include="..\..\test_i\IRC_client_message.h">
      <Filter>Header Files</Filter>
    </ClInclude>
    <ClInclude Include="..\..\test_i\IRC_client_messageallocator.h">
      <Filter>Header Files</Filter>
    </ClInclude>
    <ClInclude Include="..\..\test_i\IRC_client_module_IRChandler.h">
      <Filter>Header Files</Filter>
    </ClInclude>
    <ClInclude Include="..\..\test_i\IRC_client_module_IRCparser.h">
      <Filter>Header Files</Filter>
    </ClInclude>
    <ClInclude Include="..\..\test_i\IRC_client_module_IRCsplitter.h">
      <Filter>Header Files</Filter>
    </ClInclude>
    <ClInclude Include="..\..\test_i\IRC_client_module_IRCstreamer.h">
      <Filter>Header Files</Filter>
    </ClInclude>
    <ClInclude Include="..\..\test_i\IRC_client_network.h">
      <Filter>Header Files</Filter>
    </ClInclude>
    <ClInclude Include="..\..\test_i\IRC_client_sessionmessage.h">
      <Filter>Header Files</Filter>
    </ClInclude>
    <ClInclude Include="..\..\test_i\IRC_client_signalhandler.h">
      <Filter>Header Files</Filter>
    </ClInclude>
    <ClInclude Include="..\..\test_i\IRC_client_stream.h">
      <Filter>Header Files</Filter>
    </ClInclude>
    <ClInclude Include="..\..\test_i\IRC_client_stream_common.h">
      <Filter>Header Files</Filter>
    </ClInclude>
    <ClInclude Include="..\..\test_i\IRC_client_tools.h">
      <Filter>Header Files</Filter>
    </ClInclude>
    <ClInclude Include="..\..\test_i\IRC_common.h">
      <Filter>Header Files</Filter>
    </ClInclude>
    <ClInclude Include="..\..\test_i\stdafx.h">
      <Filter>Header Files</Filter>
    </ClInclude>
    <ClInclude Include="..\..\test_i\IRC_client_session_common.h">
      <Filter>Header Files</Filter>
    </ClInclude>
    <ClInclude Include="..\..\test_i\IRC_client_statemachine_registration.h">
      <Filter>Header Files</Filter>
    </ClInclude>
    <ClInclude Include="resource.h">
      <Filter>Header Files</Filter>
    </ClInclude>
    <ClInclude Include="..\..\test_i\IRC_client_gui_tools.h">
      <Filter>Header Files</Filter>
    </ClInclude>
  </ItemGroup>
</Project>